
Microsoft Visual Studio Solution File, Format Version 12.00
# Visual Studio 15
VisualStudioVersion = 15.0.26228.18
MinimumVisualStudioVersion = 10.0.40219.1
Project("{FAE04EC0-301F-11D3-BF4B-00C04F79EFBC}") = "GlitterApplication", "GlitterApplication\GlitterApplication.csproj", "{5D7F6ADD-F580-4E38-9D72-A6DBE655F7C4}"
EndProject
Project("{2150E333-8FDC-42A3-9474-1A3956D46DE8}") = "APIs", "APIs", "{A9B7623C-318A-4D79-849E-3AF0E1D46CDC}"
EndProject
Project("{2150E333-8FDC-42A3-9474-1A3956D46DE8}") = "DataLayer", "DataLayer", "{3E76286D-FBE9-4D34-8BED-7A809C00F0AC}"
EndProject
Project("{2150E333-8FDC-42A3-9474-1A3956D46DE8}") = "BusinessLayer", "BusinessLayer", "{A6B98643-3443-4BD6-9969-4F8B551C5BF8}"
EndProject
Project("{2150E333-8FDC-42A3-9474-1A3956D46DE8}") = "Shared", "Shared", "{42E96046-FD08-435F-987C-6E52202404BF}"
EndProject
Project("{FAE04EC0-301F-11D3-BF4B-00C04F79EFBC}") = "DataModel", "DataModel\DataModel.csproj", "{AB0ED432-B704-43E0-8038-298A11701E2D}"
EndProject
Project("{FAE04EC0-301F-11D3-BF4B-00C04F79EFBC}") = "UserBusinessLogic", "UserBusinessLogic\UserBusinessLogic.csproj", "{3AD5CC24-763F-4158-A6CD-385003FFEE37}"
EndProject
Project("{FAE04EC0-301F-11D3-BF4B-00C04F79EFBC}") = "UsersDTO", "UserDTO\UsersDTO.csproj", "{17948D0A-E57D-452B-8FAC-FF693CF41871}"
EndProject
Project("{FAE04EC0-301F-11D3-BF4B-00C04F79EFBC}") = "DataAccess", "DataAccess\DataAccess.csproj", "{D45CE5E4-B28D-4126-A887-D8A99E72EEC0}"
EndProject
Project("{FAE04EC0-301F-11D3-BF4B-00C04F79EFBC}") = "TweetsDTO", "TweetsDTO\TweetsDTO.csproj", "{90BD00FF-0EF7-4775-B8DD-3DA12F8B6E9A}"
EndProject
Project("{FAE04EC0-301F-11D3-BF4B-00C04F79EFBC}") = "TweetBusinessLogic", "TweetBusinessLogic\TweetBusinessLogic.csproj", "{FB4D07BC-1D90-481F-B303-E5949E3ECAA7}"
EndProject
Project("{FAE04EC0-301F-11D3-BF4B-00C04F79EFBC}") = "TweetAccess", "TweetAccess\TweetAccess.csproj", "{EF9A5F40-3141-4DC0-8FD8-8EED483E690C}"
EndProject
Project("{FAE04EC0-301F-11D3-BF4B-00C04F79EFBC}") = "HashTagTweetMapsDTO", "HashTagTweetMapsDTO\HashTagTweetMapsDTO.csproj", "{AA38F26D-304C-4A72-A1EC-F4ED78BC40AC}"
EndProject
Project("{FAE04EC0-301F-11D3-BF4B-00C04F79EFBC}") = "HashTagAccess", "HashTagAccess\HashTagAccess.csproj", "{B1925AC6-AF62-4DF1-AA80-F74167F54DAA}"
EndProject
Project("{FAE04EC0-301F-11D3-BF4B-00C04F79EFBC}") = "TagTweetMappingAccess", "TagTweetMappingAccess\TagTweetMappingAccess.csproj", "{683E5C7E-5071-4C8D-BB07-C1EC57246F5E}"
EndProject
Project("{FAE04EC0-301F-11D3-BF4B-00C04F79EFBC}") = "ReactionsDTO", "ReactionsDTO\ReactionsDTO.csproj", "{C3EA88B1-A7E6-4CBC-807E-B3E75B64CFE9}"
EndProject
Project("{FAE04EC0-301F-11D3-BF4B-00C04F79EFBC}") = "ReactionAccess", "ReactionAccess\ReactionAccess.csproj", "{2C1021AC-AE53-4963-97CB-A11E50E31C27}"
EndProject
Project("{FAE04EC0-301F-11D3-BF4B-00C04F79EFBC}") = "ReactionBusinessLogic", "ReactionBusinessLogic\ReactionBusinessLogic.csproj", "{AA72D8EB-C6FF-4765-8300-9FBD5252442D}"
EndProject
Project("{FAE04EC0-301F-11D3-BF4B-00C04F79EFBC}") = "FollowsDTO", "FollowsDTO\FollowsDTO.csproj", "{BFF5E4AB-C3F7-4249-95C6-41CE6B8F8AA2}"
EndProject
Project("{FAE04EC0-301F-11D3-BF4B-00C04F79EFBC}") = "FollowAccess", "FollowAccess\FollowAccess.csproj", "{00ED5493-F3A0-4133-95CE-6123247F00A7}"
EndProject
Project("{FAE04EC0-301F-11D3-BF4B-00C04F79EFBC}") = "FollowBusinessLogic", "FollowBusinessLogic\FollowBusinessLogic.csproj", "{29855B34-1C5B-40F8-9677-2F82CF1E4F18}"
EndProject
Global
	GlobalSection(SolutionConfigurationPlatforms) = preSolution
		Debug|Any CPU = Debug|Any CPU
		Release|Any CPU = Release|Any CPU
	EndGlobalSection
	GlobalSection(ProjectConfigurationPlatforms) = postSolution
		{5D7F6ADD-F580-4E38-9D72-A6DBE655F7C4}.Debug|Any CPU.ActiveCfg = Debug|Any CPU
		{5D7F6ADD-F580-4E38-9D72-A6DBE655F7C4}.Debug|Any CPU.Build.0 = Debug|Any CPU
		{5D7F6ADD-F580-4E38-9D72-A6DBE655F7C4}.Release|Any CPU.ActiveCfg = Release|Any CPU
		{5D7F6ADD-F580-4E38-9D72-A6DBE655F7C4}.Release|Any CPU.Build.0 = Release|Any CPU
		{AB0ED432-B704-43E0-8038-298A11701E2D}.Debug|Any CPU.ActiveCfg = Debug|Any CPU
		{AB0ED432-B704-43E0-8038-298A11701E2D}.Debug|Any CPU.Build.0 = Debug|Any CPU
		{AB0ED432-B704-43E0-8038-298A11701E2D}.Release|Any CPU.ActiveCfg = Release|Any CPU
		{AB0ED432-B704-43E0-8038-298A11701E2D}.Release|Any CPU.Build.0 = Release|Any CPU
		{3AD5CC24-763F-4158-A6CD-385003FFEE37}.Debug|Any CPU.ActiveCfg = Debug|Any CPU
		{3AD5CC24-763F-4158-A6CD-385003FFEE37}.Debug|Any CPU.Build.0 = Debug|Any CPU
		{3AD5CC24-763F-4158-A6CD-385003FFEE37}.Release|Any CPU.ActiveCfg = Release|Any CPU
		{3AD5CC24-763F-4158-A6CD-385003FFEE37}.Release|Any CPU.Build.0 = Release|Any CPU
		{17948D0A-E57D-452B-8FAC-FF693CF41871}.Debug|Any CPU.ActiveCfg = Debug|Any CPU
		{17948D0A-E57D-452B-8FAC-FF693CF41871}.Debug|Any CPU.Build.0 = Debug|Any CPU
		{17948D0A-E57D-452B-8FAC-FF693CF41871}.Release|Any CPU.ActiveCfg = Release|Any CPU
		{17948D0A-E57D-452B-8FAC-FF693CF41871}.Release|Any CPU.Build.0 = Release|Any CPU
		{D45CE5E4-B28D-4126-A887-D8A99E72EEC0}.Debug|Any CPU.ActiveCfg = Debug|Any CPU
		{D45CE5E4-B28D-4126-A887-D8A99E72EEC0}.Debug|Any CPU.Build.0 = Debug|Any CPU
		{D45CE5E4-B28D-4126-A887-D8A99E72EEC0}.Release|Any CPU.ActiveCfg = Release|Any CPU
		{D45CE5E4-B28D-4126-A887-D8A99E72EEC0}.Release|Any CPU.Build.0 = Release|Any CPU
		{90BD00FF-0EF7-4775-B8DD-3DA12F8B6E9A}.Debug|Any CPU.ActiveCfg = Debug|Any CPU
		{90BD00FF-0EF7-4775-B8DD-3DA12F8B6E9A}.Debug|Any CPU.Build.0 = Debug|Any CPU
		{90BD00FF-0EF7-4775-B8DD-3DA12F8B6E9A}.Release|Any CPU.ActiveCfg = Release|Any CPU
		{90BD00FF-0EF7-4775-B8DD-3DA12F8B6E9A}.Release|Any CPU.Build.0 = Release|Any CPU
		{FB4D07BC-1D90-481F-B303-E5949E3ECAA7}.Debug|Any CPU.ActiveCfg = Debug|Any CPU
		{FB4D07BC-1D90-481F-B303-E5949E3ECAA7}.Debug|Any CPU.Build.0 = Debug|Any CPU
		{FB4D07BC-1D90-481F-B303-E5949E3ECAA7}.Release|Any CPU.ActiveCfg = Release|Any CPU
		{FB4D07BC-1D90-481F-B303-E5949E3ECAA7}.Release|Any CPU.Build.0 = Release|Any CPU
		{EF9A5F40-3141-4DC0-8FD8-8EED483E690C}.Debug|Any CPU.ActiveCfg = Debug|Any CPU
		{EF9A5F40-3141-4DC0-8FD8-8EED483E690C}.Debug|Any CPU.Build.0 = Debug|Any CPU
		{EF9A5F40-3141-4DC0-8FD8-8EED483E690C}.Release|Any CPU.ActiveCfg = Release|Any CPU
		{EF9A5F40-3141-4DC0-8FD8-8EED483E690C}.Release|Any CPU.Build.0 = Release|Any CPU
		{AA38F26D-304C-4A72-A1EC-F4ED78BC40AC}.Debug|Any CPU.ActiveCfg = Debug|Any CPU
		{AA38F26D-304C-4A72-A1EC-F4ED78BC40AC}.Debug|Any CPU.Build.0 = Debug|Any CPU
		{AA38F26D-304C-4A72-A1EC-F4ED78BC40AC}.Release|Any CPU.ActiveCfg = Release|Any CPU
		{AA38F26D-304C-4A72-A1EC-F4ED78BC40AC}.Release|Any CPU.Build.0 = Release|Any CPU
		{B1925AC6-AF62-4DF1-AA80-F74167F54DAA}.Debug|Any CPU.ActiveCfg = Debug|Any CPU
		{B1925AC6-AF62-4DF1-AA80-F74167F54DAA}.Debug|Any CPU.Build.0 = Debug|Any CPU
		{B1925AC6-AF62-4DF1-AA80-F74167F54DAA}.Release|Any CPU.ActiveCfg = Release|Any CPU
		{B1925AC6-AF62-4DF1-AA80-F74167F54DAA}.Release|Any CPU.Build.0 = Release|Any CPU
		{683E5C7E-5071-4C8D-BB07-C1EC57246F5E}.Debug|Any CPU.ActiveCfg = Debug|Any CPU
		{683E5C7E-5071-4C8D-BB07-C1EC57246F5E}.Debug|Any CPU.Build.0 = Debug|Any CPU
		{683E5C7E-5071-4C8D-BB07-C1EC57246F5E}.Release|Any CPU.ActiveCfg = Release|Any CPU
		{683E5C7E-5071-4C8D-BB07-C1EC57246F5E}.Release|Any CPU.Build.0 = Release|Any CPU
		{C3EA88B1-A7E6-4CBC-807E-B3E75B64CFE9}.Debug|Any CPU.ActiveCfg = Debug|Any CPU
		{C3EA88B1-A7E6-4CBC-807E-B3E75B64CFE9}.Debug|Any CPU.Build.0 = Debug|Any CPU
		{C3EA88B1-A7E6-4CBC-807E-B3E75B64CFE9}.Release|Any CPU.ActiveCfg = Release|Any CPU
		{C3EA88B1-A7E6-4CBC-807E-B3E75B64CFE9}.Release|Any CPU.Build.0 = Release|Any CPU
		{2C1021AC-AE53-4963-97CB-A11E50E31C27}.Debug|Any CPU.ActiveCfg = Debug|Any CPU
		{2C1021AC-AE53-4963-97CB-A11E50E31C27}.Debug|Any CPU.Build.0 = Debug|Any CPU
		{2C1021AC-AE53-4963-97CB-A11E50E31C27}.Release|Any CPU.ActiveCfg = Release|Any CPU
		{2C1021AC-AE53-4963-97CB-A11E50E31C27}.Release|Any CPU.Build.0 = Release|Any CPU
		{AA72D8EB-C6FF-4765-8300-9FBD5252442D}.Debug|Any CPU.ActiveCfg = Debug|Any CPU
		{AA72D8EB-C6FF-4765-8300-9FBD5252442D}.Debug|Any CPU.Build.0 = Debug|Any CPU
		{AA72D8EB-C6FF-4765-8300-9FBD5252442D}.Release|Any CPU.ActiveCfg = Release|Any CPU
		{AA72D8EB-C6FF-4765-8300-9FBD5252442D}.Release|Any CPU.Build.0 = Release|Any CPU
		{BFF5E4AB-C3F7-4249-95C6-41CE6B8F8AA2}.Debug|Any CPU.ActiveCfg = Debug|Any CPU
		{BFF5E4AB-C3F7-4249-95C6-41CE6B8F8AA2}.Debug|Any CPU.Build.0 = Debug|Any CPU
		{BFF5E4AB-C3F7-4249-95C6-41CE6B8F8AA2}.Release|Any CPU.ActiveCfg = Release|Any CPU
		{BFF5E4AB-C3F7-4249-95C6-41CE6B8F8AA2}.Release|Any CPU.Build.0 = Release|Any CPU
		{00ED5493-F3A0-4133-95CE-6123247F00A7}.Debug|Any CPU.ActiveCfg = Debug|Any CPU
		{00ED5493-F3A0-4133-95CE-6123247F00A7}.Debug|Any CPU.Build.0 = Debug|Any CPU
		{00ED5493-F3A0-4133-95CE-6123247F00A7}.Release|Any CPU.ActiveCfg = Release|Any CPU
		{00ED5493-F3A0-4133-95CE-6123247F00A7}.Release|Any CPU.Build.0 = Release|Any CPU
		{29855B34-1C5B-40F8-9677-2F82CF1E4F18}.Debug|Any CPU.ActiveCfg = Debug|Any CPU
		{29855B34-1C5B-40F8-9677-2F82CF1E4F18}.Debug|Any CPU.Build.0 = Debug|Any CPU
		{29855B34-1C5B-40F8-9677-2F82CF1E4F18}.Release|Any CPU.ActiveCfg = Release|Any CPU
		{29855B34-1C5B-40F8-9677-2F82CF1E4F18}.Release|Any CPU.Build.0 = Release|Any CPU
	EndGlobalSection
	GlobalSection(SolutionProperties) = preSolution
		HideSolutionNode = FALSE
	EndGlobalSection
	GlobalSection(NestedProjects) = preSolution
		{5D7F6ADD-F580-4E38-9D72-A6DBE655F7C4} = {A9B7623C-318A-4D79-849E-3AF0E1D46CDC}
		{AB0ED432-B704-43E0-8038-298A11701E2D} = {3E76286D-FBE9-4D34-8BED-7A809C00F0AC}
		{3AD5CC24-763F-4158-A6CD-385003FFEE37} = {A6B98643-3443-4BD6-9969-4F8B551C5BF8}
		{17948D0A-E57D-452B-8FAC-FF693CF41871} = {42E96046-FD08-435F-987C-6E52202404BF}
		{D45CE5E4-B28D-4126-A887-D8A99E72EEC0} = {3E76286D-FBE9-4D34-8BED-7A809C00F0AC}
		{90BD00FF-0EF7-4775-B8DD-3DA12F8B6E9A} = {42E96046-FD08-435F-987C-6E52202404BF}
		{FB4D07BC-1D90-481F-B303-E5949E3ECAA7} = {A6B98643-3443-4BD6-9969-4F8B551C5BF8}
		{EF9A5F40-3141-4DC0-8FD8-8EED483E690C} = {3E76286D-FBE9-4D34-8BED-7A809C00F0AC}
		{AA38F26D-304C-4A72-A1EC-F4ED78BC40AC} = {42E96046-FD08-435F-987C-6E52202404BF}
		{B1925AC6-AF62-4DF1-AA80-F74167F54DAA} = {3E76286D-FBE9-4D34-8BED-7A809C00F0AC}
		{683E5C7E-5071-4C8D-BB07-C1EC57246F5E} = {3E76286D-FBE9-4D34-8BED-7A809C00F0AC}
		{C3EA88B1-A7E6-4CBC-807E-B3E75B64CFE9} = {42E96046-FD08-435F-987C-6E52202404BF}
		{2C1021AC-AE53-4963-97CB-A11E50E31C27} = {3E76286D-FBE9-4D34-8BED-7A809C00F0AC}
		{AA72D8EB-C6FF-4765-8300-9FBD5252442D} = {A6B98643-3443-4BD6-9969-4F8B551C5BF8}
		{BFF5E4AB-C3F7-4249-95C6-41CE6B8F8AA2} = {42E96046-FD08-435F-987C-6E52202404BF}
		{00ED5493-F3A0-4133-95CE-6123247F00A7} = {3E76286D-FBE9-4D34-8BED-7A809C00F0AC}
		{29855B34-1C5B-40F8-9677-2F82CF1E4F18} = {A6B98643-3443-4BD6-9969-4F8B551C5BF8}
	EndGlobalSection
EndGlobal
